
Microsoft Visual Studio Solution File, Format Version 12.00
# Visual Studio Version 16
VisualStudioVersion = 16.0.30021.99
MinimumVisualStudioVersion = 10.0.40219.1
Project("{FAE04EC0-301F-11D3-BF4B-00C04F79EFBC}") = "Lab_6.1", "Lab_6.1\Lab_6.1.csproj", "{088804B8-DC06-44C0-A996-910E1FFB620D}"
EndProject
Global
	GlobalSection(SolutionConfigurationPlatforms) = preSolution
		Debug|Any CPU = Debug|Any CPU
		Release|Any CPU = Release|Any CPU
	EndGlobalSection
	GlobalSection(ProjectConfigurationPlatforms) = postSolution
		{088804B8-DC06-44C0-A996-910E1FFB620D}.Debug|Any CPU.ActiveCfg = Debug|Any CPU
		{088804B8-DC06-44C0-A996-910E1FFB620D}.Debug|Any CPU.Build.0 = Debug|Any CPU
		{088804B8-DC06-44C0-A996-910E1FFB620D}.Release|Any CPU.ActiveCfg = Release|Any CPU
		{088804B8-DC06-44C0-A996-910E1FFB620D}.Release|Any CPU.Build.0 = Release|Any CPU
	EndGlobalSection
	GlobalSection(SolutionProperties) = preSolution
		HideSolutionNode = FALSE
	EndGlobalSection
	GlobalSection(ExtensibilityGlobals) = postSolution
		SolutionGuid = {70D0E576-D6E1-42CB-AA12-B7170A053FB6}
	EndGlobalSection
EndGlobal
